
Microsoft Visual Studio Solution File, Format Version 12.00
# Visual Studio 15
Project("{FAE04EC0-301F-11D3-BF4B-00C04F79EFBC}") = "Strive.Core", "Strive.Core\Strive.Core.csproj", "{B7E501D5-C7E9-4099-B870-2FFBD9B18993}"
EndProject
Global
	GlobalSection(SolutionConfigurationPlatforms) = preSolution
		Debug|Any CPU = Debug|Any CPU
		Release|Any CPU = Release|Any CPU
	EndGlobalSection
	GlobalSection(ProjectConfigurationPlatforms) = postSolution
		{B7E501D5-C7E9-4099-B870-2FFBD9B18993}.Debug|Any CPU.ActiveCfg = Debug|Any CPU
		{B7E501D5-C7E9-4099-B870-2FFBD9B18993}.Debug|Any CPU.Build.0 = Debug|Any CPU
		{B7E501D5-C7E9-4099-B870-2FFBD9B18993}.Release|Any CPU.ActiveCfg = Release|Any CPU
		{B7E501D5-C7E9-4099-B870-2FFBD9B18993}.Release|Any CPU.Build.0 = Release|Any CPU
	EndGlobalSection
EndGlobal
