
Microsoft Visual Studio Solution File, Format Version 12.00
# Visual Studio 15
VisualStudioVersion = 15.0.27428.2043
MinimumVisualStudioVersion = 10.0.40219.1
Project("{FAE04EC0-301F-11D3-BF4B-00C04F79EFBC}") = "GoogleCalendarAPIIntegration", "GoogleCalendarAPIIntegration\GoogleCalendarAPIIntegration.csproj", "{9EDCAA76-0880-426C-A988-D0E488D54C68}"
EndProject
Global
	GlobalSection(SolutionConfigurationPlatforms) = preSolution
		Debug|Any CPU = Debug|Any CPU
		Release|Any CPU = Release|Any CPU
	EndGlobalSection
	GlobalSection(ProjectConfigurationPlatforms) = postSolution
		{9EDCAA76-0880-426C-A988-D0E488D54C68}.Debug|Any CPU.ActiveCfg = Debug|Any CPU
		{9EDCAA76-0880-426C-A988-D0E488D54C68}.Debug|Any CPU.Build.0 = Debug|Any CPU
		{9EDCAA76-0880-426C-A988-D0E488D54C68}.Release|Any CPU.ActiveCfg = Release|Any CPU
		{9EDCAA76-0880-426C-A988-D0E488D54C68}.Release|Any CPU.Build.0 = Release|Any CPU
	EndGlobalSection
	GlobalSection(SolutionProperties) = preSolution
		HideSolutionNode = FALSE
	EndGlobalSection
	GlobalSection(ExtensibilityGlobals) = postSolution
		SolutionGuid = {D20A31B2-B4C9-4015-AEF0-45A0E6995A1B}
	EndGlobalSection
EndGlobal
