
Microsoft Visual Studio Solution File, Format Version 12.00
# Visual Studio Version 16
VisualStudioVersion = 16.0.29905.134
MinimumVisualStudioVersion = 10.0.40219.1
Project("{FAE04EC0-301F-11D3-BF4B-00C04F79EFBC}") = "Strive.API", "Strive.API\Strive.API.csproj", "{05E7FB9A-1381-49C6-8E5D-0DB1C89A6675}"
EndProject
Project("{2150E333-8FDC-42A3-9474-1A3956D46DE8}") = "Business Logic", "Business Logic", "{68B4FAB5-3DE4-4A79-AD6E-33F2543277F3}"
EndProject
Project("{2150E333-8FDC-42A3-9474-1A3956D46DE8}") = "Resource Access", "Resource Access", "{9EA6606B-4791-4215-AA13-C6B17EFBE003}"
EndProject
Project("{2150E333-8FDC-42A3-9474-1A3956D46DE8}") = "Common", "Common", "{E38CEE60-9683-4A00-A348-DA48AABF492C}"
EndProject
Project("{FAE04EC0-301F-11D3-BF4B-00C04F79EFBC}") = "Strive.BusinessLogic", "Strive.BusinessLogic\Strive.BusinessLogic.csproj", "{F55448E4-1917-4FAE-A87D-EF30E9E5C8EF}"
EndProject
Project("{FAE04EC0-301F-11D3-BF4B-00C04F79EFBC}") = "Strive.BusinessEntities", "Strive.BusinessEntities\Strive.BusinessEntities.csproj", "{104D237A-8EB4-450C-96BD-48FF05132917}"
EndProject
Project("{FAE04EC0-301F-11D3-BF4B-00C04F79EFBC}") = "Strive.Common", "Strive.Common\Strive.Common.csproj", "{E5F610E4-89DB-48F6-9D8F-BEDE24E46875}"
EndProject
Project("{FAE04EC0-301F-11D3-BF4B-00C04F79EFBC}") = "Strive.ResourceAccess", "Strive.ResourceAccess\Strive.ResourceAccess.csproj", "{3D7D3D43-7589-4AD8-812A-C20080644222}"
EndProject
Global
	GlobalSection(SolutionConfigurationPlatforms) = preSolution
		Debug|Any CPU = Debug|Any CPU
		Release|Any CPU = Release|Any CPU
	EndGlobalSection
	GlobalSection(ProjectConfigurationPlatforms) = postSolution
		{05E7FB9A-1381-49C6-8E5D-0DB1C89A6675}.Debug|Any CPU.ActiveCfg = Debug|Any CPU
		{05E7FB9A-1381-49C6-8E5D-0DB1C89A6675}.Debug|Any CPU.Build.0 = Debug|Any CPU
		{05E7FB9A-1381-49C6-8E5D-0DB1C89A6675}.Release|Any CPU.ActiveCfg = Release|Any CPU
		{05E7FB9A-1381-49C6-8E5D-0DB1C89A6675}.Release|Any CPU.Build.0 = Release|Any CPU
		{F55448E4-1917-4FAE-A87D-EF30E9E5C8EF}.Debug|Any CPU.ActiveCfg = Debug|Any CPU
		{F55448E4-1917-4FAE-A87D-EF30E9E5C8EF}.Debug|Any CPU.Build.0 = Debug|Any CPU
		{F55448E4-1917-4FAE-A87D-EF30E9E5C8EF}.Release|Any CPU.ActiveCfg = Release|Any CPU
		{F55448E4-1917-4FAE-A87D-EF30E9E5C8EF}.Release|Any CPU.Build.0 = Release|Any CPU
		{104D237A-8EB4-450C-96BD-48FF05132917}.Debug|Any CPU.ActiveCfg = Debug|Any CPU
		{104D237A-8EB4-450C-96BD-48FF05132917}.Debug|Any CPU.Build.0 = Debug|Any CPU
		{104D237A-8EB4-450C-96BD-48FF05132917}.Release|Any CPU.ActiveCfg = Release|Any CPU
		{104D237A-8EB4-450C-96BD-48FF05132917}.Release|Any CPU.Build.0 = Release|Any CPU
		{E5F610E4-89DB-48F6-9D8F-BEDE24E46875}.Debug|Any CPU.ActiveCfg = Debug|Any CPU
		{E5F610E4-89DB-48F6-9D8F-BEDE24E46875}.Debug|Any CPU.Build.0 = Debug|Any CPU
		{E5F610E4-89DB-48F6-9D8F-BEDE24E46875}.Release|Any CPU.ActiveCfg = Release|Any CPU
		{E5F610E4-89DB-48F6-9D8F-BEDE24E46875}.Release|Any CPU.Build.0 = Release|Any CPU
		{3D7D3D43-7589-4AD8-812A-C20080644222}.Debug|Any CPU.ActiveCfg = Debug|Any CPU
		{3D7D3D43-7589-4AD8-812A-C20080644222}.Debug|Any CPU.Build.0 = Debug|Any CPU
		{3D7D3D43-7589-4AD8-812A-C20080644222}.Release|Any CPU.ActiveCfg = Release|Any CPU
		{3D7D3D43-7589-4AD8-812A-C20080644222}.Release|Any CPU.Build.0 = Release|Any CPU
	EndGlobalSection
	GlobalSection(SolutionProperties) = preSolution
		HideSolutionNode = FALSE
	EndGlobalSection
	GlobalSection(NestedProjects) = preSolution
		{F55448E4-1917-4FAE-A87D-EF30E9E5C8EF} = {68B4FAB5-3DE4-4A79-AD6E-33F2543277F3}
		{104D237A-8EB4-450C-96BD-48FF05132917} = {68B4FAB5-3DE4-4A79-AD6E-33F2543277F3}
		{E5F610E4-89DB-48F6-9D8F-BEDE24E46875} = {E38CEE60-9683-4A00-A348-DA48AABF492C}
		{3D7D3D43-7589-4AD8-812A-C20080644222} = {9EA6606B-4791-4215-AA13-C6B17EFBE003}
	EndGlobalSection
	GlobalSection(ExtensibilityGlobals) = postSolution
		SolutionGuid = {EC703EC0-43FE-46A6-84E2-D76F536FD489}
	EndGlobalSection
EndGlobal
