
Microsoft Visual Studio Solution File, Format Version 12.00
# Visual Studio Version 16
VisualStudioVersion = 16.0.29905.134
MinimumVisualStudioVersion = 10.0.40219.1
Project("{9A19103F-16F7-4668-BE54-9A1E7A4F7556}") = "Strive.API", "Strive.API\Strive.API.csproj", "{05E7FB9A-1381-49C6-8E5D-0DB1C89A6675}"
EndProject
Project("{2150E333-8FDC-42A3-9474-1A3956D46DE8}") = "Business Logic", "Business Logic", "{68B4FAB5-3DE4-4A79-AD6E-33F2543277F3}"
EndProject
Project("{2150E333-8FDC-42A3-9474-1A3956D46DE8}") = "Resource Access", "Resource Access", "{9EA6606B-4791-4215-AA13-C6B17EFBE003}"
EndProject
Project("{2150E333-8FDC-42A3-9474-1A3956D46DE8}") = "Common", "Common", "{E38CEE60-9683-4A00-A348-DA48AABF492C}"
EndProject
Project("{9A19103F-16F7-4668-BE54-9A1E7A4F7556}") = "Strive.BusinessLogic", "Strive.BusinessLogic\Strive.BusinessLogic.csproj", "{F55448E4-1917-4FAE-A87D-EF30E9E5C8EF}"
EndProject
Project("{9A19103F-16F7-4668-BE54-9A1E7A4F7556}") = "Strive.BusinessEntities", "Strive.BusinessEntities\Strive.BusinessEntities.csproj", "{104D237A-8EB4-450C-96BD-48FF05132917}"
EndProject
Project("{9A19103F-16F7-4668-BE54-9A1E7A4F7556}") = "Strive.Common", "Strive.Common\Strive.Common.csproj", "{E5F610E4-89DB-48F6-9D8F-BEDE24E46875}"
EndProject
Project("{9A19103F-16F7-4668-BE54-9A1E7A4F7556}") = "Strive.ResourceAccess", "Strive.ResourceAccess\Strive.ResourceAccess.csproj", "{3D7D3D43-7589-4AD8-812A-C20080644222}"
EndProject
Project("{9A19103F-16F7-4668-BE54-9A1E7A4F7556}") = "Strive.Repository", "Strive.Repository\Strive.Repository.csproj", "{83492CCF-12FF-43EC-9F26-69550ED92E26}"
EndProject
Project("{2150E333-8FDC-42A3-9474-1A3956D46DE8}") = "StriveGateway", "StriveGateway", "{8EEA30A6-9DFF-47C5-BCF4-D904C07A3F2A}"
EndProject
Project("{FAE04EC0-301F-11D3-BF4B-00C04F79EFBC}") = "StriveGateway.API", "Strive.API.Gateway\StriveGateway.API.csproj", "{5DFF7227-755C-4BF7-8D60-33D4111301D7}"
	ProjectSection(ProjectDependencies) = postProject
		{07AD186F-778E-427F-8FFB-1E0C3ECAAA8A} = {07AD186F-778E-427F-8FFB-1E0C3ECAAA8A}
	EndProjectSection
EndProject
Project("{2150E333-8FDC-42A3-9474-1A3956D46DE8}") = "StriveServices", "StriveServices", "{F41A20C8-A367-45A8-8909-D570C76CBAC8}"
EndProject
Project("{FAE04EC0-301F-11D3-BF4B-00C04F79EFBC}") = "Admin.API", "Admin.API\Admin.API.csproj", "{07AD186F-778E-427F-8FFB-1E0C3ECAAA8A}"
EndProject
Project("{9A19103F-16F7-4668-BE54-9A1E7A4F7556}") = "Messenger.API", "Messenger.API\Messenger.API.csproj", "{A79C9BCC-42CF-4D7F-9399-5C3A2AF81952}"
EndProject
Global
	GlobalSection(SolutionConfigurationPlatforms) = preSolution
		Debug|Any CPU = Debug|Any CPU
		Release|Any CPU = Release|Any CPU
	EndGlobalSection
	GlobalSection(ProjectConfigurationPlatforms) = postSolution
		{05E7FB9A-1381-49C6-8E5D-0DB1C89A6675}.Debug|Any CPU.ActiveCfg = Debug|Any CPU
		{05E7FB9A-1381-49C6-8E5D-0DB1C89A6675}.Debug|Any CPU.Build.0 = Debug|Any CPU
		{05E7FB9A-1381-49C6-8E5D-0DB1C89A6675}.Release|Any CPU.ActiveCfg = Release|Any CPU
		{05E7FB9A-1381-49C6-8E5D-0DB1C89A6675}.Release|Any CPU.Build.0 = Release|Any CPU
		{F55448E4-1917-4FAE-A87D-EF30E9E5C8EF}.Debug|Any CPU.ActiveCfg = Debug|Any CPU
		{F55448E4-1917-4FAE-A87D-EF30E9E5C8EF}.Debug|Any CPU.Build.0 = Debug|Any CPU
		{F55448E4-1917-4FAE-A87D-EF30E9E5C8EF}.Release|Any CPU.ActiveCfg = Release|Any CPU
		{F55448E4-1917-4FAE-A87D-EF30E9E5C8EF}.Release|Any CPU.Build.0 = Release|Any CPU
		{104D237A-8EB4-450C-96BD-48FF05132917}.Debug|Any CPU.ActiveCfg = Debug|Any CPU
		{104D237A-8EB4-450C-96BD-48FF05132917}.Debug|Any CPU.Build.0 = Debug|Any CPU
		{104D237A-8EB4-450C-96BD-48FF05132917}.Release|Any CPU.ActiveCfg = Release|Any CPU
		{104D237A-8EB4-450C-96BD-48FF05132917}.Release|Any CPU.Build.0 = Release|Any CPU
		{E5F610E4-89DB-48F6-9D8F-BEDE24E46875}.Debug|Any CPU.ActiveCfg = Debug|Any CPU
		{E5F610E4-89DB-48F6-9D8F-BEDE24E46875}.Debug|Any CPU.Build.0 = Debug|Any CPU
		{E5F610E4-89DB-48F6-9D8F-BEDE24E46875}.Release|Any CPU.ActiveCfg = Release|Any CPU
		{E5F610E4-89DB-48F6-9D8F-BEDE24E46875}.Release|Any CPU.Build.0 = Release|Any CPU
		{3D7D3D43-7589-4AD8-812A-C20080644222}.Debug|Any CPU.ActiveCfg = Debug|Any CPU
		{3D7D3D43-7589-4AD8-812A-C20080644222}.Debug|Any CPU.Build.0 = Debug|Any CPU
		{3D7D3D43-7589-4AD8-812A-C20080644222}.Release|Any CPU.ActiveCfg = Release|Any CPU
		{3D7D3D43-7589-4AD8-812A-C20080644222}.Release|Any CPU.Build.0 = Release|Any CPU
		{83492CCF-12FF-43EC-9F26-69550ED92E26}.Debug|Any CPU.ActiveCfg = Debug|Any CPU
		{83492CCF-12FF-43EC-9F26-69550ED92E26}.Debug|Any CPU.Build.0 = Debug|Any CPU
		{83492CCF-12FF-43EC-9F26-69550ED92E26}.Release|Any CPU.ActiveCfg = Release|Any CPU
		{83492CCF-12FF-43EC-9F26-69550ED92E26}.Release|Any CPU.Build.0 = Release|Any CPU
		{5DFF7227-755C-4BF7-8D60-33D4111301D7}.Debug|Any CPU.ActiveCfg = Debug|Any CPU
		{5DFF7227-755C-4BF7-8D60-33D4111301D7}.Debug|Any CPU.Build.0 = Debug|Any CPU
		{5DFF7227-755C-4BF7-8D60-33D4111301D7}.Release|Any CPU.ActiveCfg = Release|Any CPU
		{5DFF7227-755C-4BF7-8D60-33D4111301D7}.Release|Any CPU.Build.0 = Release|Any CPU
		{07AD186F-778E-427F-8FFB-1E0C3ECAAA8A}.Debug|Any CPU.ActiveCfg = Debug|Any CPU
		{07AD186F-778E-427F-8FFB-1E0C3ECAAA8A}.Debug|Any CPU.Build.0 = Debug|Any CPU
		{07AD186F-778E-427F-8FFB-1E0C3ECAAA8A}.Release|Any CPU.ActiveCfg = Release|Any CPU
		{07AD186F-778E-427F-8FFB-1E0C3ECAAA8A}.Release|Any CPU.Build.0 = Release|Any CPU
		{A79C9BCC-42CF-4D7F-9399-5C3A2AF81952}.Debug|Any CPU.ActiveCfg = Debug|Any CPU
		{A79C9BCC-42CF-4D7F-9399-5C3A2AF81952}.Debug|Any CPU.Build.0 = Debug|Any CPU
		{A79C9BCC-42CF-4D7F-9399-5C3A2AF81952}.Release|Any CPU.ActiveCfg = Release|Any CPU
		{A79C9BCC-42CF-4D7F-9399-5C3A2AF81952}.Release|Any CPU.Build.0 = Release|Any CPU
	EndGlobalSection
	GlobalSection(SolutionProperties) = preSolution
		HideSolutionNode = FALSE
	EndGlobalSection
	GlobalSection(NestedProjects) = preSolution
		{F55448E4-1917-4FAE-A87D-EF30E9E5C8EF} = {68B4FAB5-3DE4-4A79-AD6E-33F2543277F3}
		{104D237A-8EB4-450C-96BD-48FF05132917} = {68B4FAB5-3DE4-4A79-AD6E-33F2543277F3}
		{E5F610E4-89DB-48F6-9D8F-BEDE24E46875} = {E38CEE60-9683-4A00-A348-DA48AABF492C}
		{3D7D3D43-7589-4AD8-812A-C20080644222} = {9EA6606B-4791-4215-AA13-C6B17EFBE003}
		{83492CCF-12FF-43EC-9F26-69550ED92E26} = {9EA6606B-4791-4215-AA13-C6B17EFBE003}
		{5DFF7227-755C-4BF7-8D60-33D4111301D7} = {8EEA30A6-9DFF-47C5-BCF4-D904C07A3F2A}
		{07AD186F-778E-427F-8FFB-1E0C3ECAAA8A} = {F41A20C8-A367-45A8-8909-D570C76CBAC8}
		{A79C9BCC-42CF-4D7F-9399-5C3A2AF81952} = {F41A20C8-A367-45A8-8909-D570C76CBAC8}
	EndGlobalSection
	GlobalSection(ExtensibilityGlobals) = postSolution
		SolutionGuid = {EC703EC0-43FE-46A6-84E2-D76F536FD489}
	EndGlobalSection
EndGlobal
