
Microsoft Visual Studio Solution File, Format Version 12.00
# Visual Studio Version 16
VisualStudioVersion = 16.0.29905.134
MinimumVisualStudioVersion = 10.0.40219.1
Project("{FAE04EC0-301F-11D3-BF4B-00C04F79EFBC}") = "Strive.API", "Strive.API\Strive.API.csproj", "{05E7FB9A-1381-49C6-8E5D-0DB1C89A6675}"
EndProject
Global
	GlobalSection(SolutionConfigurationPlatforms) = preSolution
		Debug|Any CPU = Debug|Any CPU
		Release|Any CPU = Release|Any CPU
	EndGlobalSection
	GlobalSection(ProjectConfigurationPlatforms) = postSolution
		{05E7FB9A-1381-49C6-8E5D-0DB1C89A6675}.Debug|Any CPU.ActiveCfg = Debug|Any CPU
		{05E7FB9A-1381-49C6-8E5D-0DB1C89A6675}.Debug|Any CPU.Build.0 = Debug|Any CPU
		{05E7FB9A-1381-49C6-8E5D-0DB1C89A6675}.Release|Any CPU.ActiveCfg = Release|Any CPU
		{05E7FB9A-1381-49C6-8E5D-0DB1C89A6675}.Release|Any CPU.Build.0 = Release|Any CPU
	EndGlobalSection
	GlobalSection(SolutionProperties) = preSolution
		HideSolutionNode = FALSE
	EndGlobalSection
	GlobalSection(ExtensibilityGlobals) = postSolution
		SolutionGuid = {EC703EC0-43FE-46A6-84E2-D76F536FD489}
	EndGlobalSection
EndGlobal
