
Microsoft Visual Studio Solution File, Format Version 12.00
# Visual Studio 15
Project("{FAE04EC0-301F-11D3-BF4B-00C04F79EFBC}") = "StriveCustomer.Android", "StriveCustomer.Android\StriveCustomer.Android.csproj", "{70EF7600-A54A-4AED-A977-9E05C4FFA052}"
EndProject
Project("{FAE04EC0-301F-11D3-BF4B-00C04F79EFBC}") = "Strive.Core", "..\..\Strive.Core\Strive.Core\Strive.Core.csproj", "{6F6FEAEC-183C-498D-B661-945E883283FF}"
EndProject
Global
	GlobalSection(SolutionConfigurationPlatforms) = preSolution
		Debug|Any CPU = Debug|Any CPU
		Release|Any CPU = Release|Any CPU
	EndGlobalSection
	GlobalSection(ProjectConfigurationPlatforms) = postSolution
		{70EF7600-A54A-4AED-A977-9E05C4FFA052}.Debug|Any CPU.ActiveCfg = Debug|Any CPU
		{70EF7600-A54A-4AED-A977-9E05C4FFA052}.Debug|Any CPU.Build.0 = Debug|Any CPU
		{70EF7600-A54A-4AED-A977-9E05C4FFA052}.Release|Any CPU.ActiveCfg = Release|Any CPU
		{70EF7600-A54A-4AED-A977-9E05C4FFA052}.Release|Any CPU.Build.0 = Release|Any CPU
		{6F6FEAEC-183C-498D-B661-945E883283FF}.Debug|Any CPU.ActiveCfg = Debug|Any CPU
		{6F6FEAEC-183C-498D-B661-945E883283FF}.Debug|Any CPU.Build.0 = Debug|Any CPU
		{6F6FEAEC-183C-498D-B661-945E883283FF}.Release|Any CPU.ActiveCfg = Release|Any CPU
		{6F6FEAEC-183C-498D-B661-945E883283FF}.Release|Any CPU.Build.0 = Release|Any CPU
	EndGlobalSection
EndGlobal
