
Microsoft Visual Studio Solution File, Format Version 12.00
# Visual Studio 15
VisualStudioVersion = 15.0.26730.16
MinimumVisualStudioVersion = 10.0.40219.1
Project("{FAE04EC0-301F-11D3-BF4B-00C04F79EFBC}") = "MPOS", "MPOS\MPOS.csproj", "{595C6C7E-956C-4139-ABFF-523975EAB4A9}"
EndProject
Project("{FAE04EC0-301F-11D3-BF4B-00C04F79EFBC}") = "MPOSReportLibrary", "MPOSReportLibrary\MPOSReportLibrary.csproj", "{69B5B8DC-8B55-429B-8581-D0D049B1BDDD}"
EndProject
Global
	GlobalSection(SolutionConfigurationPlatforms) = preSolution
		Debug|Any CPU = Debug|Any CPU
		Release|Any CPU = Release|Any CPU
	EndGlobalSection
	GlobalSection(ProjectConfigurationPlatforms) = postSolution
		{595C6C7E-956C-4139-ABFF-523975EAB4A9}.Debug|Any CPU.ActiveCfg = Debug|Any CPU
		{595C6C7E-956C-4139-ABFF-523975EAB4A9}.Debug|Any CPU.Build.0 = Debug|Any CPU
		{595C6C7E-956C-4139-ABFF-523975EAB4A9}.Release|Any CPU.ActiveCfg = Release|Any CPU
		{595C6C7E-956C-4139-ABFF-523975EAB4A9}.Release|Any CPU.Build.0 = Release|Any CPU
		{69B5B8DC-8B55-429B-8581-D0D049B1BDDD}.Debug|Any CPU.ActiveCfg = Debug|Any CPU
		{69B5B8DC-8B55-429B-8581-D0D049B1BDDD}.Debug|Any CPU.Build.0 = Debug|Any CPU
		{69B5B8DC-8B55-429B-8581-D0D049B1BDDD}.Release|Any CPU.ActiveCfg = Release|Any CPU
		{69B5B8DC-8B55-429B-8581-D0D049B1BDDD}.Release|Any CPU.Build.0 = Release|Any CPU
	EndGlobalSection
	GlobalSection(SolutionProperties) = preSolution
		HideSolutionNode = FALSE
	EndGlobalSection
	GlobalSection(ExtensibilityGlobals) = postSolution
		SolutionGuid = {32C60027-0705-41CB-BB7F-E52881778D89}
	EndGlobalSection
EndGlobal
