
Microsoft Visual Studio Solution File, Format Version 12.00
# Visual Studio 15
VisualStudioVersion = 15.0.28307.960
MinimumVisualStudioVersion = 10.0.40219.1
Project("{00D1A9C2-B5F0-4AF3-8072-F6C62B433612}") = "StriveTenant", "StriveTenant\StriveTenant\StriveTenant.sqlproj", "{C501B055-5208-47EF-BB3A-DD3606E4A7F6}"
EndProject
Global
	GlobalSection(SolutionConfigurationPlatforms) = preSolution
		Debug|Any CPU = Debug|Any CPU
		Release|Any CPU = Release|Any CPU
	EndGlobalSection
	GlobalSection(ProjectConfigurationPlatforms) = postSolution
		{C501B055-5208-47EF-BB3A-DD3606E4A7F6}.Debug|Any CPU.ActiveCfg = Debug|Any CPU
		{C501B055-5208-47EF-BB3A-DD3606E4A7F6}.Debug|Any CPU.Build.0 = Debug|Any CPU
		{C501B055-5208-47EF-BB3A-DD3606E4A7F6}.Debug|Any CPU.Deploy.0 = Debug|Any CPU
		{C501B055-5208-47EF-BB3A-DD3606E4A7F6}.Release|Any CPU.ActiveCfg = Release|Any CPU
		{C501B055-5208-47EF-BB3A-DD3606E4A7F6}.Release|Any CPU.Build.0 = Release|Any CPU
		{C501B055-5208-47EF-BB3A-DD3606E4A7F6}.Release|Any CPU.Deploy.0 = Release|Any CPU
	EndGlobalSection
	GlobalSection(SolutionProperties) = preSolution
		HideSolutionNode = FALSE
	EndGlobalSection
	GlobalSection(ExtensibilityGlobals) = postSolution
		SolutionGuid = {64420437-C229-4C3A-A834-2CA3E1A2EBF6}
	EndGlobalSection
EndGlobal
