
Microsoft Visual Studio Solution File, Format Version 12.00
# Visual Studio Version 16
VisualStudioVersion = 16.0.808.8
MinimumVisualStudioVersion = 10.0.40219.1
Project("{FAE04EC0-301F-11D3-BF4B-00C04F79EFBC}") = "Greeter.UITests", "Greeter.UITests\Greeter.UITests.csproj", "{5A1AD801-DEF3-4321-9870-4668E3DB3E79}"
EndProject
Project("{FAE04EC0-301F-11D3-BF4B-00C04F79EFBC}") = "Greeter", "Greeter\Greeter.csproj", "{17106EB7-302D-436D-9F94-0106C5CBAE34}"
EndProject
Global
	GlobalSection(SolutionConfigurationPlatforms) = preSolution
		Debug|iPhoneSimulator = Debug|iPhoneSimulator
		Release|iPhoneSimulator = Release|iPhoneSimulator
		Debug|iPhone = Debug|iPhone
		Release|iPhone = Release|iPhone
		Debug|Any CPU = Debug|Any CPU
		Release|Any CPU = Release|Any CPU
	EndGlobalSection
	GlobalSection(ProjectConfigurationPlatforms) = postSolution
		{5A1AD801-DEF3-4321-9870-4668E3DB3E79}.Debug|iPhoneSimulator.ActiveCfg = Debug|Any CPU
		{5A1AD801-DEF3-4321-9870-4668E3DB3E79}.Debug|iPhoneSimulator.Build.0 = Debug|Any CPU
		{5A1AD801-DEF3-4321-9870-4668E3DB3E79}.Release|iPhoneSimulator.ActiveCfg = Release|Any CPU
		{5A1AD801-DEF3-4321-9870-4668E3DB3E79}.Release|iPhoneSimulator.Build.0 = Release|Any CPU
		{5A1AD801-DEF3-4321-9870-4668E3DB3E79}.Debug|iPhone.ActiveCfg = Debug|Any CPU
		{5A1AD801-DEF3-4321-9870-4668E3DB3E79}.Debug|iPhone.Build.0 = Debug|Any CPU
		{5A1AD801-DEF3-4321-9870-4668E3DB3E79}.Release|iPhone.ActiveCfg = Release|Any CPU
		{5A1AD801-DEF3-4321-9870-4668E3DB3E79}.Release|iPhone.Build.0 = Release|Any CPU
		{5A1AD801-DEF3-4321-9870-4668E3DB3E79}.Debug|Any CPU.ActiveCfg = Debug|Any CPU
		{5A1AD801-DEF3-4321-9870-4668E3DB3E79}.Debug|Any CPU.Build.0 = Debug|Any CPU
		{5A1AD801-DEF3-4321-9870-4668E3DB3E79}.Release|Any CPU.ActiveCfg = Release|Any CPU
		{5A1AD801-DEF3-4321-9870-4668E3DB3E79}.Release|Any CPU.Build.0 = Release|Any CPU
		{17106EB7-302D-436D-9F94-0106C5CBAE34}.Debug|iPhoneSimulator.ActiveCfg = Debug|iPhoneSimulator
		{17106EB7-302D-436D-9F94-0106C5CBAE34}.Debug|iPhoneSimulator.Build.0 = Debug|iPhoneSimulator
		{17106EB7-302D-436D-9F94-0106C5CBAE34}.Release|iPhoneSimulator.ActiveCfg = Release|iPhoneSimulator
		{17106EB7-302D-436D-9F94-0106C5CBAE34}.Release|iPhoneSimulator.Build.0 = Release|iPhoneSimulator
		{17106EB7-302D-436D-9F94-0106C5CBAE34}.Debug|iPhone.ActiveCfg = Debug|iPhone
		{17106EB7-302D-436D-9F94-0106C5CBAE34}.Debug|iPhone.Build.0 = Debug|iPhone
		{17106EB7-302D-436D-9F94-0106C5CBAE34}.Release|iPhone.ActiveCfg = Release|iPhone
		{17106EB7-302D-436D-9F94-0106C5CBAE34}.Release|iPhone.Build.0 = Release|iPhone
		{17106EB7-302D-436D-9F94-0106C5CBAE34}.Debug|Any CPU.ActiveCfg = Debug|iPhoneSimulator
		{17106EB7-302D-436D-9F94-0106C5CBAE34}.Debug|Any CPU.Build.0 = Debug|iPhoneSimulator
		{17106EB7-302D-436D-9F94-0106C5CBAE34}.Release|Any CPU.ActiveCfg = Release|iPhoneSimulator
		{17106EB7-302D-436D-9F94-0106C5CBAE34}.Release|Any CPU.Build.0 = Release|iPhoneSimulator
	EndGlobalSection
	GlobalSection(SolutionProperties) = preSolution
		HideSolutionNode = FALSE
	EndGlobalSection
	GlobalSection(ExtensibilityGlobals) = postSolution
		SolutionGuid = {BF73568F-64AC-4FAF-8673-09A35DA11630}
	EndGlobalSection
EndGlobal
